
Microsoft Visual Studio Solution File, Format Version 12.00
# Visual Studio Version 17
VisualStudioVersion = 17.10.35013.160
MinimumVisualStudioVersion = 10.0.40219.1
Project("{FAE04EC0-301F-11D3-BF4B-00C04F79EFBC}") = "propblem solving 1", "propblem solving 1\propblem solving 1.csproj", "{C5F80809-564C-47DB-84F8-A11B9FBA9764}"
EndProject
Global
	GlobalSection(SolutionConfigurationPlatforms) = preSolution
		Debug|Any CPU = Debug|Any CPU
		Release|Any CPU = Release|Any CPU
	EndGlobalSection
	GlobalSection(ProjectConfigurationPlatforms) = postSolution
		{C5F80809-564C-47DB-84F8-A11B9FBA9764}.Debug|Any CPU.ActiveCfg = Debug|Any CPU
		{C5F80809-564C-47DB-84F8-A11B9FBA9764}.Debug|Any CPU.Build.0 = Debug|Any CPU
		{C5F80809-564C-47DB-84F8-A11B9FBA9764}.Release|Any CPU.ActiveCfg = Release|Any CPU
		{C5F80809-564C-47DB-84F8-A11B9FBA9764}.Release|Any CPU.Build.0 = Release|Any CPU
	EndGlobalSection
	GlobalSection(SolutionProperties) = preSolution
		HideSolutionNode = FALSE
	EndGlobalSection
	GlobalSection(ExtensibilityGlobals) = postSolution
		SolutionGuid = {975B6217-503C-4794-B277-7709F848C8FC}
	EndGlobalSection
EndGlobal
